// !$*UTF8*$!
{
	archiveVersion = 1;
	classes = {
	};
	objectVersion = 50;
	objects = {

/* Begin PBXBuildFile section */
		0F0CFD8B21E69CC20017C581 /* RegisterVC.swift in Sources */ = {isa = PBXBuildFile; fileRef = 0F0CFD8A21E69CC20017C581 /* RegisterVC.swift */; };
		0F0CFD8E21E6A03A0017C581 /* FancyField.swift in Sources */ = {isa = PBXBuildFile; fileRef = 0F0CFD8D21E6A03A0017C581 /* FancyField.swift */; };
		0F0CFD9021E6A2450017C581 /* FancyButton.swift in Sources */ = {isa = PBXBuildFile; fileRef = 0F0CFD8F21E6A2450017C581 /* FancyButton.swift */; };
		0F0CFD9321E6A2C30017C581 /* Constants.swift in Sources */ = {isa = PBXBuildFile; fileRef = 0F0CFD9221E6A2C30017C581 /* Constants.swift */; };
		0F0CFD9621E6B0E40017C581 /* User.swift in Sources */ = {isa = PBXBuildFile; fileRef = 0F0CFD9521E6B0E40017C581 /* User.swift */; };
		0F0CFD9821E6CF3D0017C581 /* Utilities.swift in Sources */ = {isa = PBXBuildFile; fileRef = 0F0CFD9721E6CF3D0017C581 /* Utilities.swift */; };
		0F0CFDB421F19CFF0017C581 /* FeedVC.swift in Sources */ = {isa = PBXBuildFile; fileRef = 0F0CFDB321F19CFF0017C581 /* FeedVC.swift */; };
		0F0CFDB821F24D7F0017C581 /* LogInVC.swift in Sources */ = {isa = PBXBuildFile; fileRef = 0F0CFDB721F24D7F0017C581 /* LogInVC.swift */; };
		0F0CFE0521FACCC30017C581 /* PhotoCollectionViewCell.swift in Sources */ = {isa = PBXBuildFile; fileRef = 0F0CFE0421FACCC30017C581 /* PhotoCollectionViewCell.swift */; };
		0F0CFE0721FACDFD0017C581 /* PhotoZoomViewController.swift in Sources */ = {isa = PBXBuildFile; fileRef = 0F0CFE0621FACDFD0017C581 /* PhotoZoomViewController.swift */; };
		0F0CFE0921FACE360017C581 /* PhotoPageContainerViewController.swift in Sources */ = {isa = PBXBuildFile; fileRef = 0F0CFE0821FACE360017C581 /* PhotoPageContainerViewController.swift */; };
		0F0CFE0C21FACED30017C581 /* ZoomAnimator.swift in Sources */ = {isa = PBXBuildFile; fileRef = 0F0CFE0B21FACED30017C581 /* ZoomAnimator.swift */; };
		0F0CFE0E21FACF060017C581 /* ZoomTransitionController.swift in Sources */ = {isa = PBXBuildFile; fileRef = 0F0CFE0D21FACF060017C581 /* ZoomTransitionController.swift */; };
		0F0CFE1121FAD5660017C581 /* DataService.swift in Sources */ = {isa = PBXBuildFile; fileRef = 0F0CFE1021FAD5660017C581 /* DataService.swift */; };
		0F0CFE1321FAD6060017C581 /* Post.swift in Sources */ = {isa = PBXBuildFile; fileRef = 0F0CFE1221FAD6060017C581 /* Post.swift */; };
		0F0CFE1521FD14AA0017C581 /* GoogleService-Info.plist in Resources */ = {isa = PBXBuildFile; fileRef = 0F0CFE1421FD14AA0017C581 /* GoogleService-Info.plist */; };
		0F2D2D0A223C689600F55867 /* SearchCollectionReusableView.swift in Sources */ = {isa = PBXBuildFile; fileRef = 0F2D2D09223C689600F55867 /* SearchCollectionReusableView.swift */; };
		0F2D2D0C22402B6A00F55867 /* RoundEdgeImageView.swift in Sources */ = {isa = PBXBuildFile; fileRef = 0F2D2D0B22402B6A00F55867 /* RoundEdgeImageView.swift */; };
		0F2D2D0E2241629E00F55867 /* CircleView.swift in Sources */ = {isa = PBXBuildFile; fileRef = 0F2D2D0D2241629E00F55867 /* CircleView.swift */; };
		0F2D2D102241EB8D00F55867 /* PostVC.swift in Sources */ = {isa = PBXBuildFile; fileRef = 0F2D2D0F2241EB8D00F55867 /* PostVC.swift */; };
		0F3FC46521E57E1B006BAC83 /* AppDelegate.swift in Sources */ = {isa = PBXBuildFile; fileRef = 0F3FC46421E57E1B006BAC83 /* AppDelegate.swift */; };
		0F3FC46A21E57E1B006BAC83 /* Main.storyboard in Resources */ = {isa = PBXBuildFile; fileRef = 0F3FC46821E57E1B006BAC83 /* Main.storyboard */; };
		0F3FC46C21E57E1D006BAC83 /* Assets.xcassets in Resources */ = {isa = PBXBuildFile; fileRef = 0F3FC46B21E57E1D006BAC83 /* Assets.xcassets */; };
		0F3FC46F21E57E1D006BAC83 /* LaunchScreen.storyboard in Resources */ = {isa = PBXBuildFile; fileRef = 0F3FC46D21E57E1D006BAC83 /* LaunchScreen.storyboard */; };
		0F3FC47A21E57E1E006BAC83 /* freeganTests.swift in Sources */ = {isa = PBXBuildFile; fileRef = 0F3FC47921E57E1E006BAC83 /* freeganTests.swift */; };
		0F3FC48521E57E1E006BAC83 /* freeganUITests.swift in Sources */ = {isa = PBXBuildFile; fileRef = 0F3FC48421E57E1E006BAC83 /* freeganUITests.swift */; };
		377C170BD71EA9073E6A0489 /* Pods_freeganUITests.framework in Frameworks */ = {isa = PBXBuildFile; fileRef = C3A0F7DF9C63D7A597B18A11 /* Pods_freeganUITests.framework */; };
		3A20BC4F36BAE4419023CC8B /* Pods_freeganTests.framework in Frameworks */ = {isa = PBXBuildFile; fileRef = F287F601FE960B6E13972DE2 /* Pods_freeganTests.framework */; };
		98BA188621CBA4309215BBF8 /* Pods_freegan.framework in Frameworks */ = {isa = PBXBuildFile; fileRef = DFADAFE74528916A3644DD63 /* Pods_freegan.framework */; };
/* End PBXBuildFile section */

/* Begin PBXContainerItemProxy section */
		0F3FC47621E57E1E006BAC83 /* PBXContainerItemProxy */ = {
			isa = PBXContainerItemProxy;
			containerPortal = 0F3FC45921E57E1B006BAC83 /* Project object */;
			proxyType = 1;
			remoteGlobalIDString = 0F3FC46021E57E1B006BAC83;
			remoteInfo = freegan;
		};
		0F3FC48121E57E1E006BAC83 /* PBXContainerItemProxy */ = {
			isa = PBXContainerItemProxy;
			containerPortal = 0F3FC45921E57E1B006BAC83 /* Project object */;
			proxyType = 1;
			remoteGlobalIDString = 0F3FC46021E57E1B006BAC83;
			remoteInfo = freegan;
		};
/* End PBXContainerItemProxy section */

/* Begin PBXFileReference section */
		008371CFC051288E67223300 /* Pods-freeganUITests.debug.xcconfig */ = {isa = PBXFileReference; includeInIndex = 1; lastKnownFileType = text.xcconfig; name = "Pods-freeganUITests.debug.xcconfig"; path = "Pods/Target Support Files/Pods-freeganUITests/Pods-freeganUITests.debug.xcconfig"; sourceTree = "<group>"; };
		0F0CFD8A21E69CC20017C581 /* RegisterVC.swift */ = {isa = PBXFileReference; lastKnownFileType = sourcecode.swift; path = RegisterVC.swift; sourceTree = "<group>"; };
		0F0CFD8D21E6A03A0017C581 /* FancyField.swift */ = {isa = PBXFileReference; lastKnownFileType = sourcecode.swift; path = FancyField.swift; sourceTree = "<group>"; };
		0F0CFD8F21E6A2450017C581 /* FancyButton.swift */ = {isa = PBXFileReference; lastKnownFileType = sourcecode.swift; path = FancyButton.swift; sourceTree = "<group>"; };
		0F0CFD9221E6A2C30017C581 /* Constants.swift */ = {isa = PBXFileReference; lastKnownFileType = sourcecode.swift; path = Constants.swift; sourceTree = "<group>"; };
		0F0CFD9521E6B0E40017C581 /* User.swift */ = {isa = PBXFileReference; lastKnownFileType = sourcecode.swift; path = User.swift; sourceTree = "<group>"; };
		0F0CFD9721E6CF3D0017C581 /* Utilities.swift */ = {isa = PBXFileReference; lastKnownFileType = sourcecode.swift; path = Utilities.swift; sourceTree = "<group>"; };
		0F0CFDB321F19CFF0017C581 /* FeedVC.swift */ = {isa = PBXFileReference; lastKnownFileType = sourcecode.swift; path = FeedVC.swift; sourceTree = "<group>"; };
		0F0CFDB721F24D7F0017C581 /* LogInVC.swift */ = {isa = PBXFileReference; lastKnownFileType = sourcecode.swift; path = LogInVC.swift; sourceTree = "<group>"; };
		0F0CFE0421FACCC30017C581 /* PhotoCollectionViewCell.swift */ = {isa = PBXFileReference; lastKnownFileType = sourcecode.swift; path = PhotoCollectionViewCell.swift; sourceTree = "<group>"; };
		0F0CFE0621FACDFD0017C581 /* PhotoZoomViewController.swift */ = {isa = PBXFileReference; lastKnownFileType = sourcecode.swift; path = PhotoZoomViewController.swift; sourceTree = "<group>"; };
		0F0CFE0821FACE360017C581 /* PhotoPageContainerViewController.swift */ = {isa = PBXFileReference; lastKnownFileType = sourcecode.swift; path = PhotoPageContainerViewController.swift; sourceTree = "<group>"; };
		0F0CFE0B21FACED30017C581 /* ZoomAnimator.swift */ = {isa = PBXFileReference; lastKnownFileType = sourcecode.swift; path = ZoomAnimator.swift; sourceTree = "<group>"; };
		0F0CFE0D21FACF060017C581 /* ZoomTransitionController.swift */ = {isa = PBXFileReference; lastKnownFileType = sourcecode.swift; path = ZoomTransitionController.swift; sourceTree = "<group>"; };
		0F0CFE1021FAD5660017C581 /* DataService.swift */ = {isa = PBXFileReference; lastKnownFileType = sourcecode.swift; path = DataService.swift; sourceTree = "<group>"; };
		0F0CFE1221FAD6060017C581 /* Post.swift */ = {isa = PBXFileReference; lastKnownFileType = sourcecode.swift; path = Post.swift; sourceTree = "<group>"; };
		0F0CFE1421FD14AA0017C581 /* GoogleService-Info.plist */ = {isa = PBXFileReference; fileEncoding = 4; lastKnownFileType = text.plist.xml; path = "GoogleService-Info.plist"; sourceTree = "<group>"; };
		0F2D2D09223C689600F55867 /* SearchCollectionReusableView.swift */ = {isa = PBXFileReference; lastKnownFileType = sourcecode.swift; path = SearchCollectionReusableView.swift; sourceTree = "<group>"; };
		0F2D2D0B22402B6A00F55867 /* RoundEdgeImageView.swift */ = {isa = PBXFileReference; lastKnownFileType = sourcecode.swift; path = RoundEdgeImageView.swift; sourceTree = "<group>"; };
		0F2D2D0D2241629E00F55867 /* CircleView.swift */ = {isa = PBXFileReference; lastKnownFileType = sourcecode.swift; path = CircleView.swift; sourceTree = "<group>"; };
		0F2D2D0F2241EB8D00F55867 /* PostVC.swift */ = {isa = PBXFileReference; lastKnownFileType = sourcecode.swift; path = PostVC.swift; sourceTree = "<group>"; };
		0F3FC46121E57E1B006BAC83 /* freegan.app */ = {isa = PBXFileReference; explicitFileType = wrapper.application; includeInIndex = 0; path = freegan.app; sourceTree = BUILT_PRODUCTS_DIR; };
		0F3FC46421E57E1B006BAC83 /* AppDelegate.swift */ = {isa = PBXFileReference; lastKnownFileType = sourcecode.swift; path = AppDelegate.swift; sourceTree = "<group>"; };
		0F3FC46921E57E1B006BAC83 /* Base */ = {isa = PBXFileReference; lastKnownFileType = file.storyboard; name = Base; path = Base.lproj/Main.storyboard; sourceTree = "<group>"; };
		0F3FC46B21E57E1D006BAC83 /* Assets.xcassets */ = {isa = PBXFileReference; lastKnownFileType = folder.assetcatalog; path = Assets.xcassets; sourceTree = "<group>"; };
		0F3FC46E21E57E1D006BAC83 /* Base */ = {isa = PBXFileReference; lastKnownFileType = file.storyboard; name = Base; path = Base.lproj/LaunchScreen.storyboard; sourceTree = "<group>"; };
		0F3FC47021E57E1D006BAC83 /* Info.plist */ = {isa = PBXFileReference; lastKnownFileType = text.plist.xml; path = Info.plist; sourceTree = "<group>"; };
		0F3FC47521E57E1E006BAC83 /* freeganTests.xctest */ = {isa = PBXFileReference; explicitFileType = wrapper.cfbundle; includeInIndex = 0; path = freeganTests.xctest; sourceTree = BUILT_PRODUCTS_DIR; };
		0F3FC47921E57E1E006BAC83 /* freeganTests.swift */ = {isa = PBXFileReference; lastKnownFileType = sourcecode.swift; path = freeganTests.swift; sourceTree = "<group>"; };
		0F3FC47B21E57E1E006BAC83 /* Info.plist */ = {isa = PBXFileReference; lastKnownFileType = text.plist.xml; path = Info.plist; sourceTree = "<group>"; };
		0F3FC48021E57E1E006BAC83 /* freeganUITests.xctest */ = {isa = PBXFileReference; explicitFileType = wrapper.cfbundle; includeInIndex = 0; path = freeganUITests.xctest; sourceTree = BUILT_PRODUCTS_DIR; };
		0F3FC48421E57E1E006BAC83 /* freeganUITests.swift */ = {isa = PBXFileReference; lastKnownFileType = sourcecode.swift; path = freeganUITests.swift; sourceTree = "<group>"; };
		0F3FC48621E57E1E006BAC83 /* Info.plist */ = {isa = PBXFileReference; lastKnownFileType = text.plist.xml; path = Info.plist; sourceTree = "<group>"; };
		2E5DD016FDEF73092998AD08 /* Pods-freeganTests.debug.xcconfig */ = {isa = PBXFileReference; includeInIndex = 1; lastKnownFileType = text.xcconfig; name = "Pods-freeganTests.debug.xcconfig"; path = "Pods/Target Support Files/Pods-freeganTests/Pods-freeganTests.debug.xcconfig"; sourceTree = "<group>"; };
		5A42F7627D36014919C40C7B /* Pods-freeganTests.release.xcconfig */ = {isa = PBXFileReference; includeInIndex = 1; lastKnownFileType = text.xcconfig; name = "Pods-freeganTests.release.xcconfig"; path = "Pods/Target Support Files/Pods-freeganTests/Pods-freeganTests.release.xcconfig"; sourceTree = "<group>"; };
		784BB05394710C3C7BF7A3A2 /* Pods-freeganUITests.release.xcconfig */ = {isa = PBXFileReference; includeInIndex = 1; lastKnownFileType = text.xcconfig; name = "Pods-freeganUITests.release.xcconfig"; path = "Pods/Target Support Files/Pods-freeganUITests/Pods-freeganUITests.release.xcconfig"; sourceTree = "<group>"; };
		C3A0F7DF9C63D7A597B18A11 /* Pods_freeganUITests.framework */ = {isa = PBXFileReference; explicitFileType = wrapper.framework; includeInIndex = 0; path = Pods_freeganUITests.framework; sourceTree = BUILT_PRODUCTS_DIR; };
		DFADAFE74528916A3644DD63 /* Pods_freegan.framework */ = {isa = PBXFileReference; explicitFileType = wrapper.framework; includeInIndex = 0; path = Pods_freegan.framework; sourceTree = BUILT_PRODUCTS_DIR; };
		EFC41019163179983BC7B4BB /* Pods-freegan.debug.xcconfig */ = {isa = PBXFileReference; includeInIndex = 1; lastKnownFileType = text.xcconfig; name = "Pods-freegan.debug.xcconfig"; path = "Pods/Target Support Files/Pods-freegan/Pods-freegan.debug.xcconfig"; sourceTree = "<group>"; };
		F287F601FE960B6E13972DE2 /* Pods_freeganTests.framework */ = {isa = PBXFileReference; explicitFileType = wrapper.framework; includeInIndex = 0; path = Pods_freeganTests.framework; sourceTree = BUILT_PRODUCTS_DIR; };
		F4A75571943FFAF5DADEBFF3 /* Pods-freegan.release.xcconfig */ = {isa = PBXFileReference; includeInIndex = 1; lastKnownFileType = text.xcconfig; name = "Pods-freegan.release.xcconfig"; path = "Pods/Target Support Files/Pods-freegan/Pods-freegan.release.xcconfig"; sourceTree = "<group>"; };
/* End PBXFileReference section */

/* Begin PBXFrameworksBuildPhase section */
		0F3FC45E21E57E1B006BAC83 /* Frameworks */ = {
			isa = PBXFrameworksBuildPhase;
			buildActionMask = 2147483647;
			files = (
				98BA188621CBA4309215BBF8 /* Pods_freegan.framework in Frameworks */,
			);
			runOnlyForDeploymentPostprocessing = 0;
		};
		0F3FC47221E57E1E006BAC83 /* Frameworks */ = {
			isa = PBXFrameworksBuildPhase;
			buildActionMask = 2147483647;
			files = (
				3A20BC4F36BAE4419023CC8B /* Pods_freeganTests.framework in Frameworks */,
			);
			runOnlyForDeploymentPostprocessing = 0;
		};
		0F3FC47D21E57E1E006BAC83 /* Frameworks */ = {
			isa = PBXFrameworksBuildPhase;
			buildActionMask = 2147483647;
			files = (
				377C170BD71EA9073E6A0489 /* Pods_freeganUITests.framework in Frameworks */,
			);
			runOnlyForDeploymentPostprocessing = 0;
		};
/* End PBXFrameworksBuildPhase section */

/* Begin PBXGroup section */
		0F0CFD8921E69C730017C581 /* Controller */ = {
			isa = PBXGroup;
			children = (
				0F0CFD8A21E69CC20017C581 /* RegisterVC.swift */,
				0F2D2D0F2241EB8D00F55867 /* PostVC.swift */,
				0F0CFDB321F19CFF0017C581 /* FeedVC.swift */,
				0F0CFDB721F24D7F0017C581 /* LogInVC.swift */,
				0F0CFE0621FACDFD0017C581 /* PhotoZoomViewController.swift */,
				0F0CFE0821FACE360017C581 /* PhotoPageContainerViewController.swift */,
			);
			path = Controller;
			sourceTree = "<group>";
		};
		0F0CFD8C21E6A01E0017C581 /* View */ = {
			isa = PBXGroup;
			children = (
				0F0CFD8D21E6A03A0017C581 /* FancyField.swift */,
				0F0CFD8F21E6A2450017C581 /* FancyButton.swift */,
				0F0CFE0421FACCC30017C581 /* PhotoCollectionViewCell.swift */,
				0F2D2D09223C689600F55867 /* SearchCollectionReusableView.swift */,
				0F2D2D0B22402B6A00F55867 /* RoundEdgeImageView.swift */,
				0F2D2D0D2241629E00F55867 /* CircleView.swift */,
			);
			path = View;
			sourceTree = "<group>";
		};
		0F0CFD9121E6A2AA0017C581 /* Utils */ = {
			isa = PBXGroup;
			children = (
				0F0CFD9221E6A2C30017C581 /* Constants.swift */,
				0F0CFD9721E6CF3D0017C581 /* Utilities.swift */,
			);
			path = Utils;
			sourceTree = "<group>";
		};
		0F0CFD9421E6B0CC0017C581 /* Model */ = {
			isa = PBXGroup;
			children = (
				0F0CFD9521E6B0E40017C581 /* User.swift */,
				0F0CFE1221FAD6060017C581 /* Post.swift */,
			);
			path = Model;
			sourceTree = "<group>";
		};
		0F0CFE0A21FACEAC0017C581 /* Animation */ = {
			isa = PBXGroup;
			children = (
				0F0CFE0B21FACED30017C581 /* ZoomAnimator.swift */,
				0F0CFE0D21FACF060017C581 /* ZoomTransitionController.swift */,
			);
			path = Animation;
			sourceTree = "<group>";
		};
		0F0CFE0F21FAD5510017C581 /* Services */ = {
			isa = PBXGroup;
			children = (
				0F0CFE1021FAD5660017C581 /* DataService.swift */,
			);
			path = Services;
			sourceTree = "<group>";
		};
		0F3FC45821E57E1B006BAC83 = {
			isa = PBXGroup;
			children = (
				0F3FC46321E57E1B006BAC83 /* freegan */,
				0F3FC47821E57E1E006BAC83 /* freeganTests */,
				0F3FC48321E57E1E006BAC83 /* freeganUITests */,
				0F3FC46221E57E1B006BAC83 /* Products */,
				6CA6D8929B178935F48F05F9 /* Pods */,
				7ED558D5557864075A70EF79 /* Frameworks */,
			);
			sourceTree = "<group>";
		};
		0F3FC46221E57E1B006BAC83 /* Products */ = {
			isa = PBXGroup;
			children = (
				0F3FC46121E57E1B006BAC83 /* freegan.app */,
				0F3FC47521E57E1E006BAC83 /* freeganTests.xctest */,
				0F3FC48021E57E1E006BAC83 /* freeganUITests.xctest */,
			);
			name = Products;
			sourceTree = "<group>";
		};
		0F3FC46321E57E1B006BAC83 /* freegan */ = {
			isa = PBXGroup;
			children = (
				0F0CFE0F21FAD5510017C581 /* Services */,
				0F0CFE0A21FACEAC0017C581 /* Animation */,
				0F0CFD9421E6B0CC0017C581 /* Model */,
				0F0CFD9121E6A2AA0017C581 /* Utils */,
				0F0CFD8C21E6A01E0017C581 /* View */,
				0F0CFD8921E69C730017C581 /* Controller */,
				0F3FC46421E57E1B006BAC83 /* AppDelegate.swift */,
				0F3FC46821E57E1B006BAC83 /* Main.storyboard */,
				0F3FC46B21E57E1D006BAC83 /* Assets.xcassets */,
				0F3FC46D21E57E1D006BAC83 /* LaunchScreen.storyboard */,
				0F3FC47021E57E1D006BAC83 /* Info.plist */,
				0F0CFE1421FD14AA0017C581 /* GoogleService-Info.plist */,
			);
			path = freegan;
			sourceTree = "<group>";
		};
		0F3FC47821E57E1E006BAC83 /* freeganTests */ = {
			isa = PBXGroup;
			children = (
				0F3FC47921E57E1E006BAC83 /* freeganTests.swift */,
				0F3FC47B21E57E1E006BAC83 /* Info.plist */,
			);
			path = freeganTests;
			sourceTree = "<group>";
		};
		0F3FC48321E57E1E006BAC83 /* freeganUITests */ = {
			isa = PBXGroup;
			children = (
				0F3FC48421E57E1E006BAC83 /* freeganUITests.swift */,
				0F3FC48621E57E1E006BAC83 /* Info.plist */,
			);
			path = freeganUITests;
			sourceTree = "<group>";
		};
		6CA6D8929B178935F48F05F9 /* Pods */ = {
			isa = PBXGroup;
			children = (
				EFC41019163179983BC7B4BB /* Pods-freegan.debug.xcconfig */,
				F4A75571943FFAF5DADEBFF3 /* Pods-freegan.release.xcconfig */,
				2E5DD016FDEF73092998AD08 /* Pods-freeganTests.debug.xcconfig */,
				5A42F7627D36014919C40C7B /* Pods-freeganTests.release.xcconfig */,
				008371CFC051288E67223300 /* Pods-freeganUITests.debug.xcconfig */,
				784BB05394710C3C7BF7A3A2 /* Pods-freeganUITests.release.xcconfig */,
			);
			name = Pods;
			sourceTree = "<group>";
		};
		7ED558D5557864075A70EF79 /* Frameworks */ = {
			isa = PBXGroup;
			children = (
				DFADAFE74528916A3644DD63 /* Pods_freegan.framework */,
				F287F601FE960B6E13972DE2 /* Pods_freeganTests.framework */,
				C3A0F7DF9C63D7A597B18A11 /* Pods_freeganUITests.framework */,
			);
			name = Frameworks;
			sourceTree = "<group>";
		};
/* End PBXGroup section */

/* Begin PBXNativeTarget section */
		0F3FC46021E57E1B006BAC83 /* freegan */ = {
			isa = PBXNativeTarget;
			buildConfigurationList = 0F3FC48921E57E1E006BAC83 /* Build configuration list for PBXNativeTarget "freegan" */;
			buildPhases = (
				CBDB964423FAF2343F39FFBD /* [CP] Check Pods Manifest.lock */,
				0F3FC45D21E57E1B006BAC83 /* Sources */,
				0F3FC45E21E57E1B006BAC83 /* Frameworks */,
				0F3FC45F21E57E1B006BAC83 /* Resources */,
				A013188053B3386551B54FF2 /* [CP] Embed Pods Frameworks */,
			);
			buildRules = (
			);
			dependencies = (
			);
			name = freegan;
			productName = freegan;
			productReference = 0F3FC46121E57E1B006BAC83 /* freegan.app */;
			productType = "com.apple.product-type.application";
		};
		0F3FC47421E57E1E006BAC83 /* freeganTests */ = {
			isa = PBXNativeTarget;
			buildConfigurationList = 0F3FC48C21E57E1E006BAC83 /* Build configuration list for PBXNativeTarget "freeganTests" */;
			buildPhases = (
				383E1EFC265702C4B4722BDB /* [CP] Check Pods Manifest.lock */,
				0F3FC47121E57E1E006BAC83 /* Sources */,
				0F3FC47221E57E1E006BAC83 /* Frameworks */,
				0F3FC47321E57E1E006BAC83 /* Resources */,
			);
			buildRules = (
			);
			dependencies = (
				0F3FC47721E57E1E006BAC83 /* PBXTargetDependency */,
			);
			name = freeganTests;
			productName = freeganTests;
			productReference = 0F3FC47521E57E1E006BAC83 /* freeganTests.xctest */;
			productType = "com.apple.product-type.bundle.unit-test";
		};
		0F3FC47F21E57E1E006BAC83 /* freeganUITests */ = {
			isa = PBXNativeTarget;
			buildConfigurationList = 0F3FC48F21E57E1E006BAC83 /* Build configuration list for PBXNativeTarget "freeganUITests" */;
			buildPhases = (
				F932E8B11A5DC8AA8DFA3B0E /* [CP] Check Pods Manifest.lock */,
				0F3FC47C21E57E1E006BAC83 /* Sources */,
				0F3FC47D21E57E1E006BAC83 /* Frameworks */,
				0F3FC47E21E57E1E006BAC83 /* Resources */,
			);
			buildRules = (
			);
			dependencies = (
				0F3FC48221E57E1E006BAC83 /* PBXTargetDependency */,
			);
			name = freeganUITests;
			productName = freeganUITests;
			productReference = 0F3FC48021E57E1E006BAC83 /* freeganUITests.xctest */;
			productType = "com.apple.product-type.bundle.ui-testing";
		};
/* End PBXNativeTarget section */

/* Begin PBXProject section */
		0F3FC45921E57E1B006BAC83 /* Project object */ = {
			isa = PBXProject;
			attributes = {
				LastSwiftUpdateCheck = 1010;
				LastUpgradeCheck = 1010;
				ORGANIZATIONNAME = "Hammed opejin";
				TargetAttributes = {
					0F3FC46021E57E1B006BAC83 = {
						CreatedOnToolsVersion = 10.1;
					};
					0F3FC47421E57E1E006BAC83 = {
						CreatedOnToolsVersion = 10.1;
						TestTargetID = 0F3FC46021E57E1B006BAC83;
					};
					0F3FC47F21E57E1E006BAC83 = {
						CreatedOnToolsVersion = 10.1;
						TestTargetID = 0F3FC46021E57E1B006BAC83;
					};
				};
			};
			buildConfigurationList = 0F3FC45C21E57E1B006BAC83 /* Build configuration list for PBXProject "freegan" */;
			compatibilityVersion = "Xcode 9.3";
			developmentRegion = en;
			hasScannedForEncodings = 0;
			knownRegions = (
				en,
				Base,
			);
			mainGroup = 0F3FC45821E57E1B006BAC83;
			productRefGroup = 0F3FC46221E57E1B006BAC83 /* Products */;
			projectDirPath = "";
			projectRoot = "";
			targets = (
				0F3FC46021E57E1B006BAC83 /* freegan */,
				0F3FC47421E57E1E006BAC83 /* freeganTests */,
				0F3FC47F21E57E1E006BAC83 /* freeganUITests */,
			);
		};
/* End PBXProject section */

/* Begin PBXResourcesBuildPhase section */
		0F3FC45F21E57E1B006BAC83 /* Resources */ = {
			isa = PBXResourcesBuildPhase;
			buildActionMask = 2147483647;
			files = (
				0F3FC46F21E57E1D006BAC83 /* LaunchScreen.storyboard in Resources */,
				0F0CFE1521FD14AA0017C581 /* GoogleService-Info.plist in Resources */,
				0F3FC46C21E57E1D006BAC83 /* Assets.xcassets in Resources */,
				0F3FC46A21E57E1B006BAC83 /* Main.storyboard in Resources */,
			);
			runOnlyForDeploymentPostprocessing = 0;
		};
		0F3FC47321E57E1E006BAC83 /* Resources */ = {
			isa = PBXResourcesBuildPhase;
			buildActionMask = 2147483647;
			files = (
			);
			runOnlyForDeploymentPostprocessing = 0;
		};
		0F3FC47E21E57E1E006BAC83 /* Resources */ = {
			isa = PBXResourcesBuildPhase;
			buildActionMask = 2147483647;
			files = (
			);
			runOnlyForDeploymentPostprocessing = 0;
		};
/* End PBXResourcesBuildPhase section */

/* Begin PBXShellScriptBuildPhase section */
		383E1EFC265702C4B4722BDB /* [CP] Check Pods Manifest.lock */ = {
			isa = PBXShellScriptBuildPhase;
			buildActionMask = 2147483647;
			files = (
			);
			inputFileListPaths = (
			);
			inputPaths = (
				"${PODS_PODFILE_DIR_PATH}/Podfile.lock",
				"${PODS_ROOT}/Manifest.lock",
			);
			name = "[CP] Check Pods Manifest.lock";
			outputFileListPaths = (
			);
			outputPaths = (
				"$(DERIVED_FILE_DIR)/Pods-freeganTests-checkManifestLockResult.txt",
			);
			runOnlyForDeploymentPostprocessing = 0;
			shellPath = /bin/sh;
			shellScript = "diff \"${PODS_PODFILE_DIR_PATH}/Podfile.lock\" \"${PODS_ROOT}/Manifest.lock\" > /dev/null\nif [ $? != 0 ] ; then\n    # print error to STDERR\n    echo \"error: The sandbox is not in sync with the Podfile.lock. Run 'pod install' or update your CocoaPods installation.\" >&2\n    exit 1\nfi\n# This output is used by Xcode 'outputs' to avoid re-running this script phase.\necho \"SUCCESS\" > \"${SCRIPT_OUTPUT_FILE_0}\"\n";
			showEnvVarsInLog = 0;
		};
		A013188053B3386551B54FF2 /* [CP] Embed Pods Frameworks */ = {
			isa = PBXShellScriptBuildPhase;
			buildActionMask = 2147483647;
			files = (
			);
			inputFileListPaths = (
			);
			inputPaths = (
				"${SRCROOT}/Pods/Target Support Files/Pods-freegan/Pods-freegan-frameworks.sh",
				"${BUILT_PRODUCTS_DIR}/GTMSessionFetcher/GTMSessionFetcher.framework",
				"${BUILT_PRODUCTS_DIR}/GoogleUtilities/GoogleUtilities.framework",
				"${BUILT_PRODUCTS_DIR}/JSQMessagesViewController/JSQMessagesViewController.framework",
				"${BUILT_PRODUCTS_DIR}/JSQSystemSoundPlayer/JSQSystemSoundPlayer.framework",
				"${BUILT_PRODUCTS_DIR}/MBProgressHUD/MBProgressHUD.framework",
				"${BUILT_PRODUCTS_DIR}/SwiftKeychainWrapper/SwiftKeychainWrapper.framework",
				"${BUILT_PRODUCTS_DIR}/leveldb-library/leveldb.framework",
				"${BUILT_PRODUCTS_DIR}/nanopb/nanopb.framework",
			);
			name = "[CP] Embed Pods Frameworks";
			outputFileListPaths = (
			);
			outputPaths = (
				"${TARGET_BUILD_DIR}/${FRAMEWORKS_FOLDER_PATH}/GTMSessionFetcher.framework",
				"${TARGET_BUILD_DIR}/${FRAMEWORKS_FOLDER_PATH}/GoogleUtilities.framework",
				"${TARGET_BUILD_DIR}/${FRAMEWORKS_FOLDER_PATH}/JSQMessagesViewController.framework",
				"${TARGET_BUILD_DIR}/${FRAMEWORKS_FOLDER_PATH}/JSQSystemSoundPlayer.framework",
				"${TARGET_BUILD_DIR}/${FRAMEWORKS_FOLDER_PATH}/MBProgressHUD.framework",
				"${TARGET_BUILD_DIR}/${FRAMEWORKS_FOLDER_PATH}/SwiftKeychainWrapper.framework",
				"${TARGET_BUILD_DIR}/${FRAMEWORKS_FOLDER_PATH}/leveldb.framework",
				"${TARGET_BUILD_DIR}/${FRAMEWORKS_FOLDER_PATH}/nanopb.framework",
			);
			runOnlyForDeploymentPostprocessing = 0;
			shellPath = /bin/sh;
			shellScript = "\"${SRCROOT}/Pods/Target Support Files/Pods-freegan/Pods-freegan-frameworks.sh\"\n";
			showEnvVarsInLog = 0;
		};
		CBDB964423FAF2343F39FFBD /* [CP] Check Pods Manifest.lock */ = {
			isa = PBXShellScriptBuildPhase;
			buildActionMask = 2147483647;
			files = (
			);
			inputFileListPaths = (
			);
			inputPaths = (
				"${PODS_PODFILE_DIR_PATH}/Podfile.lock",
				"${PODS_ROOT}/Manifest.lock",
			);
			name = "[CP] Check Pods Manifest.lock";
			outputFileListPaths = (
			);
			outputPaths = (
				"$(DERIVED_FILE_DIR)/Pods-freegan-checkManifestLockResult.txt",
			);
			runOnlyForDeploymentPostprocessing = 0;
			shellPath = /bin/sh;
			shellScript = "diff \"${PODS_PODFILE_DIR_PATH}/Podfile.lock\" \"${PODS_ROOT}/Manifest.lock\" > /dev/null\nif [ $? != 0 ] ; then\n    # print error to STDERR\n    echo \"error: The sandbox is not in sync with the Podfile.lock. Run 'pod install' or update your CocoaPods installation.\" >&2\n    exit 1\nfi\n# This output is used by Xcode 'outputs' to avoid re-running this script phase.\necho \"SUCCESS\" > \"${SCRIPT_OUTPUT_FILE_0}\"\n";
			showEnvVarsInLog = 0;
		};
		F932E8B11A5DC8AA8DFA3B0E /* [CP] Check Pods Manifest.lock */ = {
			isa = PBXShellScriptBuildPhase;
			buildActionMask = 2147483647;
			files = (
			);
			inputFileListPaths = (
			);
			inputPaths = (
				"${PODS_PODFILE_DIR_PATH}/Podfile.lock",
				"${PODS_ROOT}/Manifest.lock",
			);
			name = "[CP] Check Pods Manifest.lock";
			outputFileListPaths = (
			);
			outputPaths = (
				"$(DERIVED_FILE_DIR)/Pods-freeganUITests-checkManifestLockResult.txt",
			);
			runOnlyForDeploymentPostprocessing = 0;
			shellPath = /bin/sh;
			shellScript = "diff \"${PODS_PODFILE_DIR_PATH}/Podfile.lock\" \"${PODS_ROOT}/Manifest.lock\" > /dev/null\nif [ $? != 0 ] ; then\n    # print error to STDERR\n    echo \"error: The sandbox is not in sync with the Podfile.lock. Run 'pod install' or update your CocoaPods installation.\" >&2\n    exit 1\nfi\n# This output is used by Xcode 'outputs' to avoid re-running this script phase.\necho \"SUCCESS\" > \"${SCRIPT_OUTPUT_FILE_0}\"\n";
			showEnvVarsInLog = 0;
		};
/* End PBXShellScriptBuildPhase section */

/* Begin PBXSourcesBuildPhase section */
		0F3FC45D21E57E1B006BAC83 /* Sources */ = {
			isa = PBXSourcesBuildPhase;
			buildActionMask = 2147483647;
			files = (
				0F0CFD8E21E6A03A0017C581 /* FancyField.swift in Sources */,
				0F0CFE0521FACCC30017C581 /* PhotoCollectionViewCell.swift in Sources */,
				0F2D2D0E2241629E00F55867 /* CircleView.swift in Sources */,
				0F0CFD8B21E69CC20017C581 /* RegisterVC.swift in Sources */,
				0F3FC46521E57E1B006BAC83 /* AppDelegate.swift in Sources */,
				0F0CFD9021E6A2450017C581 /* FancyButton.swift in Sources */,
				0F0CFDB421F19CFF0017C581 /* FeedVC.swift in Sources */,
				0F0CFE0921FACE360017C581 /* PhotoPageContainerViewController.swift in Sources */,
				0F2D2D0A223C689600F55867 /* SearchCollectionReusableView.swift in Sources */,
				0F0CFD9321E6A2C30017C581 /* Constants.swift in Sources */,
				0F0CFD9821E6CF3D0017C581 /* Utilities.swift in Sources */,
				0F0CFE1121FAD5660017C581 /* DataService.swift in Sources */,
				0F0CFD9621E6B0E40017C581 /* User.swift in Sources */,
				0F0CFE1321FAD6060017C581 /* Post.swift in Sources */,
				0F2D2D102241EB8D00F55867 /* PostVC.swift in Sources */,
				0F0CFDB821F24D7F0017C581 /* LogInVC.swift in Sources */,
				0F0CFE0721FACDFD0017C581 /* PhotoZoomViewController.swift in Sources */,
				0F0CFE0C21FACED30017C581 /* ZoomAnimator.swift in Sources */,
				0F2D2D0C22402B6A00F55867 /* RoundEdgeImageView.swift in Sources */,
				0F0CFE0E21FACF060017C581 /* ZoomTransitionController.swift in Sources */,
			);
			runOnlyForDeploymentPostprocessing = 0;
		};
		0F3FC47121E57E1E006BAC83 /* Sources */ = {
			isa = PBXSourcesBuildPhase;
			buildActionMask = 2147483647;
			files = (
				0F3FC47A21E57E1E006BAC83 /* freeganTests.swift in Sources */,
			);
			runOnlyForDeploymentPostprocessing = 0;
		};
		0F3FC47C21E57E1E006BAC83 /* Sources */ = {
			isa = PBXSourcesBuildPhase;
			buildActionMask = 2147483647;
			files = (
				0F3FC48521E57E1E006BAC83 /* freeganUITests.swift in Sources */,
			);
			runOnlyForDeploymentPostprocessing = 0;
		};
/* End PBXSourcesBuildPhase section */

/* Begin PBXTargetDependency section */
		0F3FC47721E57E1E006BAC83 /* PBXTargetDependency */ = {
			isa = PBXTargetDependency;
			target = 0F3FC46021E57E1B006BAC83 /* freegan */;
			targetProxy = 0F3FC47621E57E1E006BAC83 /* PBXContainerItemProxy */;
		};
		0F3FC48221E57E1E006BAC83 /* PBXTargetDependency */ = {
			isa = PBXTargetDependency;
			target = 0F3FC46021E57E1B006BAC83 /* freegan */;
			targetProxy = 0F3FC48121E57E1E006BAC83 /* PBXContainerItemProxy */;
		};
/* End PBXTargetDependency section */

/* Begin PBXVariantGroup section */
		0F3FC46821E57E1B006BAC83 /* Main.storyboard */ = {
			isa = PBXVariantGroup;
			children = (
				0F3FC46921E57E1B006BAC83 /* Base */,
			);
			name = Main.storyboard;
			sourceTree = "<group>";
		};
		0F3FC46D21E57E1D006BAC83 /* LaunchScreen.storyboard */ = {
			isa = PBXVariantGroup;
			children = (
				0F3FC46E21E57E1D006BAC83 /* Base */,
			);
			name = LaunchScreen.storyboard;
			sourceTree = "<group>";
		};
/* End PBXVariantGroup section */

/* Begin XCBuildConfiguration section */
		0F3FC48721E57E1E006BAC83 /* Debug */ = {
			isa = XCBuildConfiguration;
			buildSettings = {
				ALWAYS_SEARCH_USER_PATHS = NO;
				CLANG_ANALYZER_NONNULL = YES;
				CLANG_ANALYZER_NUMBER_OBJECT_CONVERSION = YES_AGGRESSIVE;
				CLANG_CXX_LANGUAGE_STANDARD = "gnu++14";
				CLANG_CXX_LIBRARY = "libc++";
				CLANG_ENABLE_MODULES = YES;
				CLANG_ENABLE_OBJC_ARC = YES;
				CLANG_ENABLE_OBJC_WEAK = YES;
				CLANG_WARN_BLOCK_CAPTURE_AUTORELEASING = YES;
				CLANG_WARN_BOOL_CONVERSION = YES;
				CLANG_WARN_COMMA = YES;
				CLANG_WARN_CONSTANT_CONVERSION = YES;
				CLANG_WARN_DEPRECATED_OBJC_IMPLEMENTATIONS = YES;
				CLANG_WARN_DIRECT_OBJC_ISA_USAGE = YES_ERROR;
				CLANG_WARN_DOCUMENTATION_COMMENTS = YES;
				CLANG_WARN_EMPTY_BODY = YES;
				CLANG_WARN_ENUM_CONVERSION = YES;
				CLANG_WARN_INFINITE_RECURSION = YES;
				CLANG_WARN_INT_CONVERSION = YES;
				CLANG_WARN_NON_LITERAL_NULL_CONVERSION = YES;
				CLANG_WARN_OBJC_IMPLICIT_RETAIN_SELF = YES;
				CLANG_WARN_OBJC_LITERAL_CONVERSION = YES;
				CLANG_WARN_OBJC_ROOT_CLASS = YES_ERROR;
				CLANG_WARN_RANGE_LOOP_ANALYSIS = YES;
				CLANG_WARN_STRICT_PROTOTYPES = YES;
				CLANG_WARN_SUSPICIOUS_MOVE = YES;
				CLANG_WARN_UNGUARDED_AVAILABILITY = YES_AGGRESSIVE;
				CLANG_WARN_UNREACHABLE_CODE = YES;
				CLANG_WARN__DUPLICATE_METHOD_MATCH = YES;
				CODE_SIGN_IDENTITY = "iPhone Developer";
				COPY_PHASE_STRIP = NO;
				DEBUG_INFORMATION_FORMAT = dwarf;
				ENABLE_STRICT_OBJC_MSGSEND = YES;
				ENABLE_TESTABILITY = YES;
				GCC_C_LANGUAGE_STANDARD = gnu11;
				GCC_DYNAMIC_NO_PIC = NO;
				GCC_NO_COMMON_BLOCKS = YES;
				GCC_OPTIMIZATION_LEVEL = 0;
				GCC_PREPROCESSOR_DEFINITIONS = (
					"DEBUG=1",
					"$(inherited)",
				);
				GCC_WARN_64_TO_32_BIT_CONVERSION = YES;
				GCC_WARN_ABOUT_RETURN_TYPE = YES_ERROR;
				GCC_WARN_UNDECLARED_SELECTOR = YES;
				GCC_WARN_UNINITIALIZED_AUTOS = YES_AGGRESSIVE;
				GCC_WARN_UNUSED_FUNCTION = YES;
				GCC_WARN_UNUSED_VARIABLE = YES;
				IPHONEOS_DEPLOYMENT_TARGET = 12.1;
				MTL_ENABLE_DEBUG_INFO = INCLUDE_SOURCE;
				MTL_FAST_MATH = YES;
				ONLY_ACTIVE_ARCH = YES;
				SDKROOT = iphoneos;
				SWIFT_ACTIVE_COMPILATION_CONDITIONS = DEBUG;
				SWIFT_OPTIMIZATION_LEVEL = "-Onone";
			};
			name = Debug;
		};
		0F3FC48821E57E1E006BAC83 /* Release */ = {
			isa = XCBuildConfiguration;
			buildSettings = {
				ALWAYS_SEARCH_USER_PATHS = NO;
				CLANG_ANALYZER_NONNULL = YES;
				CLANG_ANALYZER_NUMBER_OBJECT_CONVERSION = YES_AGGRESSIVE;
				CLANG_CXX_LANGUAGE_STANDARD = "gnu++14";
				CLANG_CXX_LIBRARY = "libc++";
				CLANG_ENABLE_MODULES = YES;
				CLANG_ENABLE_OBJC_ARC = YES;
				CLANG_ENABLE_OBJC_WEAK = YES;
				CLANG_WARN_BLOCK_CAPTURE_AUTORELEASING = YES;
				CLANG_WARN_BOOL_CONVERSION = YES;
				CLANG_WARN_COMMA = YES;
				CLANG_WARN_CONSTANT_CONVERSION = YES;
				CLANG_WARN_DEPRECATED_OBJC_IMPLEMENTATIONS = YES;
				CLANG_WARN_DIRECT_OBJC_ISA_USAGE = YES_ERROR;
				CLANG_WARN_DOCUMENTATION_COMMENTS = YES;
				CLANG_WARN_EMPTY_BODY = YES;
				CLANG_WARN_ENUM_CONVERSION = YES;
				CLANG_WARN_INFINITE_RECURSION = YES;
				CLANG_WARN_INT_CONVERSION = YES;
				CLANG_WARN_NON_LITERAL_NULL_CONVERSION = YES;
				CLANG_WARN_OBJC_IMPLICIT_RETAIN_SELF = YES;
				CLANG_WARN_OBJC_LITERAL_CONVERSION = YES;
				CLANG_WARN_OBJC_ROOT_CLASS = YES_ERROR;
				CLANG_WARN_RANGE_LOOP_ANALYSIS = YES;
				CLANG_WARN_STRICT_PROTOTYPES = YES;
				CLANG_WARN_SUSPICIOUS_MOVE = YES;
				CLANG_WARN_UNGUARDED_AVAILABILITY = YES_AGGRESSIVE;
				CLANG_WARN_UNREACHABLE_CODE = YES;
				CLANG_WARN__DUPLICATE_METHOD_MATCH = YES;
				CODE_SIGN_IDENTITY = "iPhone Developer";
				COPY_PHASE_STRIP = NO;
				DEBUG_INFORMATION_FORMAT = "dwarf-with-dsym";
				ENABLE_NS_ASSERTIONS = NO;
				ENABLE_STRICT_OBJC_MSGSEND = YES;
				GCC_C_LANGUAGE_STANDARD = gnu11;
				GCC_NO_COMMON_BLOCKS = YES;
				GCC_WARN_64_TO_32_BIT_CONVERSION = YES;
				GCC_WARN_ABOUT_RETURN_TYPE = YES_ERROR;
				GCC_WARN_UNDECLARED_SELECTOR = YES;
				GCC_WARN_UNINITIALIZED_AUTOS = YES_AGGRESSIVE;
				GCC_WARN_UNUSED_FUNCTION = YES;
				GCC_WARN_UNUSED_VARIABLE = YES;
				IPHONEOS_DEPLOYMENT_TARGET = 12.1;
				MTL_ENABLE_DEBUG_INFO = NO;
				MTL_FAST_MATH = YES;
				SDKROOT = iphoneos;
				SWIFT_COMPILATION_MODE = wholemodule;
				SWIFT_OPTIMIZATION_LEVEL = "-O";
				VALIDATE_PRODUCT = YES;
			};
			name = Release;
		};
		0F3FC48A21E57E1E006BAC83 /* Debug */ = {
			isa = XCBuildConfiguration;
			baseConfigurationReference = EFC41019163179983BC7B4BB /* Pods-freegan.debug.xcconfig */;
			buildSettings = {
				ASSETCATALOG_COMPILER_APPICON_NAME = AppIcon;
				CODE_SIGN_STYLE = Automatic;
				INFOPLIST_FILE = freegan/Info.plist;
				LD_RUNPATH_SEARCH_PATHS = (
					"$(inherited)",
					"@executable_path/Frameworks",
				);
				PRODUCT_BUNDLE_IDENTIFIER = com.planetpeopleplatform.freegan;
				PRODUCT_NAME = "$(TARGET_NAME)";
				SWIFT_VERSION = 4.2;
				TARGETED_DEVICE_FAMILY = "1,2";
			};
			name = Debug;
		};
		0F3FC48B21E57E1E006BAC83 /* Release */ = {
			isa = XCBuildConfiguration;
			baseConfigurationReference = F4A75571943FFAF5DADEBFF3 /* Pods-freegan.release.xcconfig */;
			buildSettings = {
				ASSETCATALOG_COMPILER_APPICON_NAME = AppIcon;
				CODE_SIGN_STYLE = Automatic;
				INFOPLIST_FILE = freegan/Info.plist;
				LD_RUNPATH_SEARCH_PATHS = (
					"$(inherited)",
					"@executable_path/Frameworks",
				);
				PRODUCT_BUNDLE_IDENTIFIER = com.planetpeopleplatform.freegan;
				PRODUCT_NAME = "$(TARGET_NAME)";
				SWIFT_VERSION = 4.2;
				TARGETED_DEVICE_FAMILY = "1,2";
			};
			name = Release;
		};
		0F3FC48D21E57E1E006BAC83 /* Debug */ = {
			isa = XCBuildConfiguration;
			baseConfigurationReference = 2E5DD016FDEF73092998AD08 /* Pods-freeganTests.debug.xcconfig */;
			buildSettings = {
				ALWAYS_EMBED_SWIFT_STANDARD_LIBRARIES = YES;
				BUNDLE_LOADER = "$(TEST_HOST)";
				CODE_SIGN_STYLE = Automatic;
				INFOPLIST_FILE = freeganTests/Info.plist;
				LD_RUNPATH_SEARCH_PATHS = (
					"$(inherited)",
					"@executable_path/Frameworks",
					"@loader_path/Frameworks",
				);
				PRODUCT_BUNDLE_IDENTIFIER = com.planetpeopleplatform.freegan.freeganTests;
				PRODUCT_NAME = "$(TARGET_NAME)";
				SWIFT_VERSION = 4.2;
				TARGETED_DEVICE_FAMILY = "1,2";
				TEST_HOST = "$(BUILT_PRODUCTS_DIR)/freegan.app/freegan";
			};
			name = Debug;
		};
		0F3FC48E21E57E1E006BAC83 /* Release */ = {
			isa = XCBuildConfiguration;
			baseConfigurationReference = 5A42F7627D36014919C40C7B /* Pods-freeganTests.release.xcconfig */;
			buildSettings = {
				ALWAYS_EMBED_SWIFT_STANDARD_LIBRARIES = YES;
				BUNDLE_LOADER = "$(TEST_HOST)";
				CODE_SIGN_STYLE = Automatic;
				INFOPLIST_FILE = freeganTests/Info.plist;
				LD_RUNPATH_SEARCH_PATHS = (
					"$(inherited)",
					"@executable_path/Frameworks",
					"@loader_path/Frameworks",
				);
				PRODUCT_BUNDLE_IDENTIFIER = com.planetpeopleplatform.freegan.freeganTests;
				PRODUCT_NAME = "$(TARGET_NAME)";
				SWIFT_VERSION = 4.2;
				TARGETED_DEVICE_FAMILY = "1,2";
				TEST_HOST = "$(BUILT_PRODUCTS_DIR)/freegan.app/freegan";
			};
			name = Release;
		};
		0F3FC49021E57E1E006BAC83 /* Debug */ = {
			isa = XCBuildConfiguration;
			baseConfigurationReference = 008371CFC051288E67223300 /* Pods-freeganUITests.debug.xcconfig */;
			buildSettings = {
				ALWAYS_EMBED_SWIFT_STANDARD_LIBRARIES = YES;
				CODE_SIGN_STYLE = Automatic;
				INFOPLIST_FILE = freeganUITests/Info.plist;
				LD_RUNPATH_SEARCH_PATHS = (
					"$(inherited)",
					"@executable_path/Frameworks",
					"@loader_path/Frameworks",
				);
				PRODUCT_BUNDLE_IDENTIFIER = com.planetpeopleplatform.freegan.freeganUITests;
				PRODUCT_NAME = "$(TARGET_NAME)";
				SWIFT_VERSION = 4.2;
				TARGETED_DEVICE_FAMILY = "1,2";
				TEST_TARGET_NAME = freegan;
			};
			name = Debug;
		};
		0F3FC49121E57E1E006BAC83 /* Release */ = {
			isa = XCBuildConfiguration;
			baseConfigurationReference = 784BB05394710C3C7BF7A3A2 /* Pods-freeganUITests.release.xcconfig */;
			buildSettings = {
				ALWAYS_EMBED_SWIFT_STANDARD_LIBRARIES = YES;
				CODE_SIGN_STYLE = Automatic;
				INFOPLIST_FILE = freeganUITests/Info.plist;
				LD_RUNPATH_SEARCH_PATHS = (
					"$(inherited)",
					"@executable_path/Frameworks",
					"@loader_path/Frameworks",
				);
				PRODUCT_BUNDLE_IDENTIFIER = com.planetpeopleplatform.freegan.freeganUITests;
				PRODUCT_NAME = "$(TARGET_NAME)";
				SWIFT_VERSION = 4.2;
				TARGETED_DEVICE_FAMILY = "1,2";
				TEST_TARGET_NAME = freegan;
			};
			name = Release;
		};
/* End XCBuildConfiguration section */

/* Begin XCConfigurationList section */
		0F3FC45C21E57E1B006BAC83 /* Build configuration list for PBXProject "freegan" */ = {
			isa = XCConfigurationList;
			buildConfigurations = (
				0F3FC48721E57E1E006BAC83 /* Debug */,
				0F3FC48821E57E1E006BAC83 /* Release */,
			);
			defaultConfigurationIsVisible = 0;
			defaultConfigurationName = Release;
		};
		0F3FC48921E57E1E006BAC83 /* Build configuration list for PBXNativeTarget "freegan" */ = {
			isa = XCConfigurationList;
			buildConfigurations = (
				0F3FC48A21E57E1E006BAC83 /* Debug */,
				0F3FC48B21E57E1E006BAC83 /* Release */,
			);
			defaultConfigurationIsVisible = 0;
			defaultConfigurationName = Release;
		};
		0F3FC48C21E57E1E006BAC83 /* Build configuration list for PBXNativeTarget "freeganTests" */ = {
			isa = XCConfigurationList;
			buildConfigurations = (
				0F3FC48D21E57E1E006BAC83 /* Debug */,
				0F3FC48E21E57E1E006BAC83 /* Release */,
			);
			defaultConfigurationIsVisible = 0;
			defaultConfigurationName = Release;
		};
		0F3FC48F21E57E1E006BAC83 /* Build configuration list for PBXNativeTarget "freeganUITests" */ = {
			isa = XCConfigurationList;
			buildConfigurations = (
				0F3FC49021E57E1E006BAC83 /* Debug */,
				0F3FC49121E57E1E006BAC83 /* Release */,
			);
			defaultConfigurationIsVisible = 0;
			defaultConfigurationName = Release;
		};
/* End XCConfigurationList section */
	};
	rootObject = 0F3FC45921E57E1B006BAC83 /* Project object */;
}
